<?xml version="1.0" encoding="utf-8"?>
<Project ToolsVersion="4.0" xmlns="http://schemas.microsoft.com/developer/msbuild/2003">
  <ItemGroup>
    <Filter Include="Source Files">
      <UniqueIdentifier>{4FC737F1-C7A5-4376-A066-2A32D752A2FF}</UniqueIdentifier>
      <Extensions>cpp;c;cc;cxx;def;odl;idl;hpj;bat;asm;asmx</Extensions>
    </Filter>
    <Filter Include="Header Files">
      <UniqueIdentifier>{93995380-89BD-4b04-88EB-625FBE52EBFB}</UniqueIdentifier>
      <Extensions>h;hh;hpp;hxx;hm;inl;inc;ipp;xsd</Extensions>
    </Filter>
    <Filter Include="Lexer">
      <UniqueIdentifier>{ac0b6542-1a07-4afe-86cc-95535c29ce44}</UniqueIdentifier>
    </Filter>
    <Filter Include="Lexer\Headers">
      <UniqueIdentifier>{c196f007-4e4e-4117-bb3f-659cd8e6b96b}</UniqueIdentifier>
    </Filter>
    <Filter Include="TokenUtils">
      <UniqueIdentifier>{73569976-bc9e-4ab3-8ede-8d4e1deef06a}</UniqueIdentifier>
    </Filter>
    <Filter Include="LowLexerFacade">
      <UniqueIdentifier>{7fbe9b9f-4d04-48fd-802a-d40f53c5a314}</UniqueIdentifier>
    </Filter>
    <Filter Include="TokenCache">
      <UniqueIdentifier>{f5d35218-acce-4aac-9b00-d667b7d665f2}</UniqueIdentifier>
    </Filter>
  </ItemGroup>
  <ItemGroup>
    <ClInclude Include="stdafx.h">
      <Filter>Header Files</Filter>
    </ClInclude>
    <ClInclude Include="targetver.h">
      <Filter>Header Files</Filter>
    </ClInclude>
    <ClInclude Include="LexerTypes.h">
      <Filter>Lexer\Headers</Filter>
    </ClInclude>
    <ClInclude Include="Token.h">
      <Filter>Lexer\Headers</Filter>
    </ClInclude>
    <ClInclude Include="ILexer.h">
      <Filter>Lexer\Headers</Filter>
    </ClInclude>
    <ClInclude Include="TokenUtils.h">
      <Filter>TokenUtils</Filter>
    </ClInclude>
    <ClInclude Include="LowLexer.h">
      <Filter>Lexer\Headers</Filter>
    </ClInclude>
    <ClInclude Include="LowLexerFacade.h">
      <Filter>LowLexerFacade</Filter>
    </ClInclude>
    <ClInclude Include="ITokenCache.h">
      <Filter>TokenCache</Filter>
    </ClInclude>
    <ClInclude Include="TokenCache.h">
      <Filter>TokenCache</Filter>
    </ClInclude>
  </ItemGroup>
  <ItemGroup>
    <ClCompile Include="stdafx.cpp">
      <Filter>Source Files</Filter>
    </ClCompile>
    <ClCompile Include="Read.cpp">
      <Filter>Lexer</Filter>
    </ClCompile>
    <ClCompile Include="ReadImpl.cpp">
      <Filter>Lexer</Filter>
    </ClCompile>
    <ClCompile Include="SkipSpaces.cpp">
      <Filter>Lexer</Filter>
    </ClCompile>
    <ClCompile Include="TokenUtils.cpp">
      <Filter>TokenUtils</Filter>
    </ClCompile>
    <ClCompile Include="LowLexer.cpp">
      <Filter>Lexer</Filter>
    </ClCompile>
    <ClCompile Include="LowLexerFacade.cpp">
      <Filter>LowLexerFacade</Filter>
    </ClCompile>
    <ClCompile Include="TokenCache.cpp">
      <Filter>TokenCache</Filter>
    </ClCompile>
  </ItemGroup>
</Project>